
Microsoft Visual Studio Solution File, Format Version 12.00
# Visual Studio Version 16
VisualStudioVersion = 16.0.31112.23
MinimumVisualStudioVersion = 10.0.40219.1
Project("{FAE04EC0-301F-11D3-BF4B-00C04F79EFBC}") = "msbk57dlbe", "msbk57dlbe\msbk57dlbe.csproj", "{01BF24C9-3057-44F5-BF9D-8E6D003B6CE3}"
EndProject
Global
	GlobalSection(SolutionConfigurationPlatforms) = preSolution
		Debug|Any CPU = Debug|Any CPU
		Debug|x64 = Debug|x64
		Release|Any CPU = Release|Any CPU
		Release|x64 = Release|x64
	EndGlobalSection
	GlobalSection(ProjectConfigurationPlatforms) = postSolution
		{01BF24C9-3057-44F5-BF9D-8E6D003B6CE3}.Debug|Any CPU.ActiveCfg = Debug|Any CPU
		{01BF24C9-3057-44F5-BF9D-8E6D003B6CE3}.Debug|Any CPU.Build.0 = Debug|Any CPU
		{01BF24C9-3057-44F5-BF9D-8E6D003B6CE3}.Debug|x64.ActiveCfg = Debug|x64
		{01BF24C9-3057-44F5-BF9D-8E6D003B6CE3}.Debug|x64.Build.0 = Debug|x64
		{01BF24C9-3057-44F5-BF9D-8E6D003B6CE3}.Release|Any CPU.ActiveCfg = Release|Any CPU
		{01BF24C9-3057-44F5-BF9D-8E6D003B6CE3}.Release|Any CPU.Build.0 = Release|Any CPU
		{01BF24C9-3057-44F5-BF9D-8E6D003B6CE3}.Release|x64.ActiveCfg = Release|x64
		{01BF24C9-3057-44F5-BF9D-8E6D003B6CE3}.Release|x64.Build.0 = Release|x64
	EndGlobalSection
	GlobalSection(SolutionProperties) = preSolution
		HideSolutionNode = FALSE
	EndGlobalSection
	GlobalSection(ExtensibilityGlobals) = postSolution
		SolutionGuid = {6418FFBE-5A76-4A21-8A14-7DE909BECA78}
	EndGlobalSection
EndGlobal
